
Microsoft Visual Studio Solution File, Format Version 12.00
# Visual Studio 14
VisualStudioVersion = 14.0.25420.1
MinimumVisualStudioVersion = 10.0.40219.1
Project("{FAE04EC0-301F-11D3-BF4B-00C04F79EFBC}") = "CollegeCoursePrerequisites.DomainModel", "CollegeCoursePrerequisites.DomainModel\CollegeCoursePrerequisites.DomainModel.csproj", "{F43C57A4-FBB8-4B44-BB62-CCBE4495F085}"
EndProject
Project("{FAE04EC0-301F-11D3-BF4B-00C04F79EFBC}") = "CollegeCoursePrerequisites.Service", "CollegeCoursePrerequisites.Service\CollegeCoursePrerequisites.Service.csproj", "{F53B904A-26B7-45BF-9A6A-45624DC7CF96}"
EndProject
Project("{FAE04EC0-301F-11D3-BF4B-00C04F79EFBC}") = "CollegeCoursePrerequisites.UnitTests", "CollegeCoursePrerequisites.UnitTests\CollegeCoursePrerequisites.UnitTests.csproj", "{8EDF4429-251A-416D-BB68-93F227191BCF}"
EndProject
Project("{FAE04EC0-301F-11D3-BF4B-00C04F79EFBC}") = "CollegeCoursePrerequisites.ConsoleApp", "CollegeCoursePrerequisites.ConsoleApp\CollegeCoursePrerequisites.ConsoleApp.csproj", "{DCBBA495-6846-4E85-BAC9-B04E7176BCE6}"
EndProject
Global
	GlobalSection(SolutionConfigurationPlatforms) = preSolution
		Debug|Any CPU = Debug|Any CPU
		Release|Any CPU = Release|Any CPU
	EndGlobalSection
	GlobalSection(ProjectConfigurationPlatforms) = postSolution
		{F43C57A4-FBB8-4B44-BB62-CCBE4495F085}.Debug|Any CPU.ActiveCfg = Debug|Any CPU
		{F43C57A4-FBB8-4B44-BB62-CCBE4495F085}.Debug|Any CPU.Build.0 = Debug|Any CPU
		{F43C57A4-FBB8-4B44-BB62-CCBE4495F085}.Release|Any CPU.ActiveCfg = Release|Any CPU
		{F43C57A4-FBB8-4B44-BB62-CCBE4495F085}.Release|Any CPU.Build.0 = Release|Any CPU
		{F53B904A-26B7-45BF-9A6A-45624DC7CF96}.Debug|Any CPU.ActiveCfg = Debug|Any CPU
		{F53B904A-26B7-45BF-9A6A-45624DC7CF96}.Debug|Any CPU.Build.0 = Debug|Any CPU
		{F53B904A-26B7-45BF-9A6A-45624DC7CF96}.Release|Any CPU.ActiveCfg = Release|Any CPU
		{F53B904A-26B7-45BF-9A6A-45624DC7CF96}.Release|Any CPU.Build.0 = Release|Any CPU
		{8EDF4429-251A-416D-BB68-93F227191BCF}.Debug|Any CPU.ActiveCfg = Debug|Any CPU
		{8EDF4429-251A-416D-BB68-93F227191BCF}.Debug|Any CPU.Build.0 = Debug|Any CPU
		{8EDF4429-251A-416D-BB68-93F227191BCF}.Release|Any CPU.ActiveCfg = Release|Any CPU
		{8EDF4429-251A-416D-BB68-93F227191BCF}.Release|Any CPU.Build.0 = Release|Any CPU
		{DCBBA495-6846-4E85-BAC9-B04E7176BCE6}.Debug|Any CPU.ActiveCfg = Debug|Any CPU
		{DCBBA495-6846-4E85-BAC9-B04E7176BCE6}.Debug|Any CPU.Build.0 = Debug|Any CPU
		{DCBBA495-6846-4E85-BAC9-B04E7176BCE6}.Release|Any CPU.ActiveCfg = Release|Any CPU
		{DCBBA495-6846-4E85-BAC9-B04E7176BCE6}.Release|Any CPU.Build.0 = Release|Any CPU
	EndGlobalSection
	GlobalSection(SolutionProperties) = preSolution
		HideSolutionNode = FALSE
	EndGlobalSection
EndGlobal
